
Microsoft Visual Studio Solution File, Format Version 12.00
# Visual Studio 2013
VisualStudioVersion = 12.0.40629.0
MinimumVisualStudioVersion = 10.0.40219.1
Project("{FAE04EC0-301F-11D3-BF4B-00C04F79EFBC}") = "Day1", "Day1\Day1.csproj", "{71428105-88A1-479F-997F-9739C36D6DE4}"
EndProject
Project("{FAE04EC0-301F-11D3-BF4B-00C04F79EFBC}") = "Day2", "Day2\Day2.csproj", "{2FEE63CC-DE07-4558-A645-548100AC7B39}"
EndProject
Project("{FAE04EC0-301F-11D3-BF4B-00C04F79EFBC}") = "Day3", "Day3\Day3.csproj", "{F1D497EE-F604-4ED3-A4D5-EBEE27676936}"
EndProject
Project("{FAE04EC0-301F-11D3-BF4B-00C04F79EFBC}") = "Day4", "Day4\Day4.csproj", "{BC2CB83E-C111-4CB2-820E-12DBCBA2EC63}"
EndProject
Project("{FAE04EC0-301F-11D3-BF4B-00C04F79EFBC}") = "Day5", "Day5\Day5.csproj", "{D2FFDC84-B02D-4F5D-B7BF-92D832FD332B}"
EndProject
Project("{FAE04EC0-301F-11D3-BF4B-00C04F79EFBC}") = "Day6", "Day6\Day6.csproj", "{8A7C5FB5-BA37-4A28-BA21-E5F3A180CFDB}"
EndProject
Project("{FAE04EC0-301F-11D3-BF4B-00C04F79EFBC}") = "Day7", "Day7\Day7.csproj", "{0C56DF47-5351-483B-849F-E37403C9ECCE}"
EndProject
Project("{FAE04EC0-301F-11D3-BF4B-00C04F79EFBC}") = "Day7A", "Day7A\Day7A.csproj", "{B5586FE3-F62B-49BD-9782-6C646C460767}"
EndProject
Project("{FAE04EC0-301F-11D3-BF4B-00C04F79EFBC}") = "Day7B", "Day7B\Day7B.csproj", "{0EB329DA-5EEC-4CA8-94DE-DAD6E61E1C28}"
EndProject
Project("{FAE04EC0-301F-11D3-BF4B-00C04F79EFBC}") = "Day7C", "Day7C\Day7C.csproj", "{0FE2AB10-CC01-46D9-BFB9-BB686C6B92D6}"
EndProject
Project("{FAE04EC0-301F-11D3-BF4B-00C04F79EFBC}") = "Day8", "Day8\Day8.csproj", "{B4EE3D6B-7DD9-470A-9C79-D646956BF804}"
EndProject
Project("{FAE04EC0-301F-11D3-BF4B-00C04F79EFBC}") = "Day9", "Day9\Day9.csproj", "{67C6C2CA-CA18-4633-B906-F6400D174C73}"
EndProject
Project("{FAE04EC0-301F-11D3-BF4B-00C04F79EFBC}") = "Day10", "Day10\Day10.csproj", "{D840BC7B-1FBA-4A8C-A89B-C75210F1E1F5}"
EndProject
Project("{FAE04EC0-301F-11D3-BF4B-00C04F79EFBC}") = "Day10A", "Day10A\Day10A.csproj", "{4FEE7AAA-7261-4B4D-9CDD-322EFD343611}"
EndProject
Project("{2150E333-8FDC-42A3-9474-1A3956D46DE8}") = "Solution Items", "Solution Items", "{AA91BCF6-00A8-4301-AC62-23F36AC23253}"
	ProjectSection(SolutionItems) = preProject
		Tutorial.bld = Tutorial.bld
	EndProjectSection
EndProject
Project("{FAE04EC0-301F-11D3-BF4B-00C04F79EFBC}") = "Day11", "Day11\Day11.csproj", "{8E9A3160-62EE-4366-BE9B-7B97525B0D19}"
EndProject
Project("{FAE04EC0-301F-11D3-BF4B-00C04F79EFBC}") = "Day11A", "Day11A\Day11A.csproj", "{EACE0F22-F752-41A0-889D-89192C346A2D}"
EndProject
Project("{FAE04EC0-301F-11D3-BF4B-00C04F79EFBC}") = "Day12", "Day12\Day12.csproj", "{10DA2668-2735-48FE-8028-CF6F7EB5EBF7}"
EndProject
Project("{FAE04EC0-301F-11D3-BF4B-00C04F79EFBC}") = "Day12A", "Day12A\Day12A.csproj", "{BBA3AEFF-EBBC-4FBF-A762-E378861C6AC3}"
EndProject
Project("{FAE04EC0-301F-11D3-BF4B-00C04F79EFBC}") = "Day12B", "Day12B\Day12B.csproj", "{0EEC3DD6-083D-4751-837A-412A4D1FC7F8}"
EndProject
Project("{FAE04EC0-301F-11D3-BF4B-00C04F79EFBC}") = "Day12C", "Day12C\Day12C.csproj", "{6C7255EC-3100-43FC-827D-DEBD32E2ACA3}"
EndProject
Project("{FAE04EC0-301F-11D3-BF4B-00C04F79EFBC}") = "Day12D", "Day12D\Day12D.csproj", "{CD3CCA7D-BE46-4216-BED2-E77F06D68BEB}"
EndProject
Project("{FAE04EC0-301F-11D3-BF4B-00C04F79EFBC}") = "Day13", "Day13\Day13.csproj", "{078D4976-1E5E-40B8-B1CB-52D91CCE7091}"
EndProject
Project("{FAE04EC0-301F-11D3-BF4B-00C04F79EFBC}") = "Day13A", "Day13A\Day13A.csproj", "{D6F366BE-87F7-4A20-930B-8BCBCFF4FC90}"
EndProject
Project("{FAE04EC0-301F-11D3-BF4B-00C04F79EFBC}") = "Day14", "Day14\Day14.csproj", "{0A8C96F6-78FF-4DA0-9D82-5A23C6F6F687}"
EndProject
Project("{FAE04EC0-301F-11D3-BF4B-00C04F79EFBC}") = "Day14A", "Day14A\Day14A.csproj", "{847A36E6-A9A1-42C1-9460-1F76AA6717D3}"
EndProject
Project("{FAE04EC0-301F-11D3-BF4B-00C04F79EFBC}") = "Day15", "Day15\Day15.csproj", "{E7150D65-FEA3-4340-9D47-8ECE578C824F}"
EndProject
Project("{FAE04EC0-301F-11D3-BF4B-00C04F79EFBC}") = "Day15A", "Day15A\Day15A.csproj", "{6E3AA548-ADE8-45AE-805B-EB54317E2CD8}"
EndProject
Project("{FAE04EC0-301F-11D3-BF4B-00C04F79EFBC}") = "Day16", "Day16\Day16.csproj", "{2901931D-A725-4CD7-99EC-F4E92777987F}"
EndProject
Project("{FAE04EC0-301F-11D3-BF4B-00C04F79EFBC}") = "Day16A", "Day16A\Day16A.csproj", "{A960B9C8-F57C-4693-BF3D-D7919148BF8C}"
EndProject
Project("{FAE04EC0-301F-11D3-BF4B-00C04F79EFBC}") = "Day16B", "Day16B\Day16B.csproj", "{30D871ED-4840-4EC1-B2D7-9D3C61B3F067}"
EndProject
Global
	GlobalSection(SolutionConfigurationPlatforms) = preSolution
		Debug|Any CPU = Debug|Any CPU
		Release|Any CPU = Release|Any CPU
	EndGlobalSection
	GlobalSection(ProjectConfigurationPlatforms) = postSolution
		{71428105-88A1-479F-997F-9739C36D6DE4}.Debug|Any CPU.ActiveCfg = Debug|Any CPU
		{71428105-88A1-479F-997F-9739C36D6DE4}.Debug|Any CPU.Build.0 = Debug|Any CPU
		{71428105-88A1-479F-997F-9739C36D6DE4}.Release|Any CPU.ActiveCfg = Release|Any CPU
		{71428105-88A1-479F-997F-9739C36D6DE4}.Release|Any CPU.Build.0 = Release|Any CPU
		{2FEE63CC-DE07-4558-A645-548100AC7B39}.Debug|Any CPU.ActiveCfg = Debug|Any CPU
		{2FEE63CC-DE07-4558-A645-548100AC7B39}.Debug|Any CPU.Build.0 = Debug|Any CPU
		{2FEE63CC-DE07-4558-A645-548100AC7B39}.Release|Any CPU.ActiveCfg = Release|Any CPU
		{2FEE63CC-DE07-4558-A645-548100AC7B39}.Release|Any CPU.Build.0 = Release|Any CPU
		{F1D497EE-F604-4ED3-A4D5-EBEE27676936}.Debug|Any CPU.ActiveCfg = Debug|Any CPU
		{F1D497EE-F604-4ED3-A4D5-EBEE27676936}.Debug|Any CPU.Build.0 = Debug|Any CPU
		{F1D497EE-F604-4ED3-A4D5-EBEE27676936}.Release|Any CPU.ActiveCfg = Release|Any CPU
		{F1D497EE-F604-4ED3-A4D5-EBEE27676936}.Release|Any CPU.Build.0 = Release|Any CPU
		{BC2CB83E-C111-4CB2-820E-12DBCBA2EC63}.Debug|Any CPU.ActiveCfg = Debug|Any CPU
		{BC2CB83E-C111-4CB2-820E-12DBCBA2EC63}.Debug|Any CPU.Build.0 = Debug|Any CPU
		{BC2CB83E-C111-4CB2-820E-12DBCBA2EC63}.Release|Any CPU.ActiveCfg = Release|Any CPU
		{BC2CB83E-C111-4CB2-820E-12DBCBA2EC63}.Release|Any CPU.Build.0 = Release|Any CPU
		{D2FFDC84-B02D-4F5D-B7BF-92D832FD332B}.Debug|Any CPU.ActiveCfg = Debug|Any CPU
		{D2FFDC84-B02D-4F5D-B7BF-92D832FD332B}.Debug|Any CPU.Build.0 = Debug|Any CPU
		{D2FFDC84-B02D-4F5D-B7BF-92D832FD332B}.Release|Any CPU.ActiveCfg = Release|Any CPU
		{D2FFDC84-B02D-4F5D-B7BF-92D832FD332B}.Release|Any CPU.Build.0 = Release|Any CPU
		{8A7C5FB5-BA37-4A28-BA21-E5F3A180CFDB}.Debug|Any CPU.ActiveCfg = Debug|Any CPU
		{8A7C5FB5-BA37-4A28-BA21-E5F3A180CFDB}.Debug|Any CPU.Build.0 = Debug|Any CPU
		{8A7C5FB5-BA37-4A28-BA21-E5F3A180CFDB}.Release|Any CPU.ActiveCfg = Release|Any CPU
		{8A7C5FB5-BA37-4A28-BA21-E5F3A180CFDB}.Release|Any CPU.Build.0 = Release|Any CPU
		{0C56DF47-5351-483B-849F-E37403C9ECCE}.Debug|Any CPU.ActiveCfg = Debug|Any CPU
		{0C56DF47-5351-483B-849F-E37403C9ECCE}.Debug|Any CPU.Build.0 = Debug|Any CPU
		{0C56DF47-5351-483B-849F-E37403C9ECCE}.Release|Any CPU.ActiveCfg = Release|Any CPU
		{0C56DF47-5351-483B-849F-E37403C9ECCE}.Release|Any CPU.Build.0 = Release|Any CPU
		{B5586FE3-F62B-49BD-9782-6C646C460767}.Debug|Any CPU.ActiveCfg = Debug|Any CPU
		{B5586FE3-F62B-49BD-9782-6C646C460767}.Debug|Any CPU.Build.0 = Debug|Any CPU
		{B5586FE3-F62B-49BD-9782-6C646C460767}.Release|Any CPU.ActiveCfg = Release|Any CPU
		{B5586FE3-F62B-49BD-9782-6C646C460767}.Release|Any CPU.Build.0 = Release|Any CPU
		{0EB329DA-5EEC-4CA8-94DE-DAD6E61E1C28}.Debug|Any CPU.ActiveCfg = Debug|Any CPU
		{0EB329DA-5EEC-4CA8-94DE-DAD6E61E1C28}.Debug|Any CPU.Build.0 = Debug|Any CPU
		{0EB329DA-5EEC-4CA8-94DE-DAD6E61E1C28}.Release|Any CPU.ActiveCfg = Release|Any CPU
		{0EB329DA-5EEC-4CA8-94DE-DAD6E61E1C28}.Release|Any CPU.Build.0 = Release|Any CPU
		{0FE2AB10-CC01-46D9-BFB9-BB686C6B92D6}.Debug|Any CPU.ActiveCfg = Debug|Any CPU
		{0FE2AB10-CC01-46D9-BFB9-BB686C6B92D6}.Debug|Any CPU.Build.0 = Debug|Any CPU
		{0FE2AB10-CC01-46D9-BFB9-BB686C6B92D6}.Release|Any CPU.ActiveCfg = Release|Any CPU
		{0FE2AB10-CC01-46D9-BFB9-BB686C6B92D6}.Release|Any CPU.Build.0 = Release|Any CPU
		{B4EE3D6B-7DD9-470A-9C79-D646956BF804}.Debug|Any CPU.ActiveCfg = Debug|Any CPU
		{B4EE3D6B-7DD9-470A-9C79-D646956BF804}.Debug|Any CPU.Build.0 = Debug|Any CPU
		{B4EE3D6B-7DD9-470A-9C79-D646956BF804}.Release|Any CPU.ActiveCfg = Release|Any CPU
		{B4EE3D6B-7DD9-470A-9C79-D646956BF804}.Release|Any CPU.Build.0 = Release|Any CPU
		{67C6C2CA-CA18-4633-B906-F6400D174C73}.Debug|Any CPU.ActiveCfg = Debug|Any CPU
		{67C6C2CA-CA18-4633-B906-F6400D174C73}.Debug|Any CPU.Build.0 = Debug|Any CPU
		{67C6C2CA-CA18-4633-B906-F6400D174C73}.Release|Any CPU.ActiveCfg = Release|Any CPU
		{67C6C2CA-CA18-4633-B906-F6400D174C73}.Release|Any CPU.Build.0 = Release|Any CPU
		{D840BC7B-1FBA-4A8C-A89B-C75210F1E1F5}.Debug|Any CPU.ActiveCfg = Debug|Any CPU
		{D840BC7B-1FBA-4A8C-A89B-C75210F1E1F5}.Debug|Any CPU.Build.0 = Debug|Any CPU
		{D840BC7B-1FBA-4A8C-A89B-C75210F1E1F5}.Release|Any CPU.ActiveCfg = Release|Any CPU
		{D840BC7B-1FBA-4A8C-A89B-C75210F1E1F5}.Release|Any CPU.Build.0 = Release|Any CPU
		{4FEE7AAA-7261-4B4D-9CDD-322EFD343611}.Debug|Any CPU.ActiveCfg = Debug|Any CPU
		{4FEE7AAA-7261-4B4D-9CDD-322EFD343611}.Debug|Any CPU.Build.0 = Debug|Any CPU
		{4FEE7AAA-7261-4B4D-9CDD-322EFD343611}.Release|Any CPU.ActiveCfg = Release|Any CPU
		{4FEE7AAA-7261-4B4D-9CDD-322EFD343611}.Release|Any CPU.Build.0 = Release|Any CPU
		{8E9A3160-62EE-4366-BE9B-7B97525B0D19}.Debug|Any CPU.ActiveCfg = Debug|Any CPU
		{8E9A3160-62EE-4366-BE9B-7B97525B0D19}.Debug|Any CPU.Build.0 = Debug|Any CPU
		{8E9A3160-62EE-4366-BE9B-7B97525B0D19}.Release|Any CPU.ActiveCfg = Release|Any CPU
		{8E9A3160-62EE-4366-BE9B-7B97525B0D19}.Release|Any CPU.Build.0 = Release|Any CPU
		{EACE0F22-F752-41A0-889D-89192C346A2D}.Debug|Any CPU.ActiveCfg = Debug|Any CPU
		{EACE0F22-F752-41A0-889D-89192C346A2D}.Debug|Any CPU.Build.0 = Debug|Any CPU
		{EACE0F22-F752-41A0-889D-89192C346A2D}.Release|Any CPU.ActiveCfg = Release|Any CPU
		{EACE0F22-F752-41A0-889D-89192C346A2D}.Release|Any CPU.Build.0 = Release|Any CPU
		{10DA2668-2735-48FE-8028-CF6F7EB5EBF7}.Debug|Any CPU.ActiveCfg = Debug|Any CPU
		{10DA2668-2735-48FE-8028-CF6F7EB5EBF7}.Debug|Any CPU.Build.0 = Debug|Any CPU
		{10DA2668-2735-48FE-8028-CF6F7EB5EBF7}.Release|Any CPU.ActiveCfg = Release|Any CPU
		{10DA2668-2735-48FE-8028-CF6F7EB5EBF7}.Release|Any CPU.Build.0 = Release|Any CPU
		{BBA3AEFF-EBBC-4FBF-A762-E378861C6AC3}.Debug|Any CPU.ActiveCfg = Debug|Any CPU
		{BBA3AEFF-EBBC-4FBF-A762-E378861C6AC3}.Debug|Any CPU.Build.0 = Debug|Any CPU
		{BBA3AEFF-EBBC-4FBF-A762-E378861C6AC3}.Release|Any CPU.ActiveCfg = Release|Any CPU
		{BBA3AEFF-EBBC-4FBF-A762-E378861C6AC3}.Release|Any CPU.Build.0 = Release|Any CPU
		{0EEC3DD6-083D-4751-837A-412A4D1FC7F8}.Debug|Any CPU.ActiveCfg = Debug|Any CPU
		{0EEC3DD6-083D-4751-837A-412A4D1FC7F8}.Debug|Any CPU.Build.0 = Debug|Any CPU
		{0EEC3DD6-083D-4751-837A-412A4D1FC7F8}.Release|Any CPU.ActiveCfg = Release|Any CPU
		{0EEC3DD6-083D-4751-837A-412A4D1FC7F8}.Release|Any CPU.Build.0 = Release|Any CPU
		{6C7255EC-3100-43FC-827D-DEBD32E2ACA3}.Debug|Any CPU.ActiveCfg = Debug|Any CPU
		{6C7255EC-3100-43FC-827D-DEBD32E2ACA3}.Debug|Any CPU.Build.0 = Debug|Any CPU
		{6C7255EC-3100-43FC-827D-DEBD32E2ACA3}.Release|Any CPU.ActiveCfg = Release|Any CPU
		{6C7255EC-3100-43FC-827D-DEBD32E2ACA3}.Release|Any CPU.Build.0 = Release|Any CPU
		{CD3CCA7D-BE46-4216-BED2-E77F06D68BEB}.Debug|Any CPU.ActiveCfg = Debug|Any CPU
		{CD3CCA7D-BE46-4216-BED2-E77F06D68BEB}.Debug|Any CPU.Build.0 = Debug|Any CPU
		{CD3CCA7D-BE46-4216-BED2-E77F06D68BEB}.Release|Any CPU.ActiveCfg = Release|Any CPU
		{CD3CCA7D-BE46-4216-BED2-E77F06D68BEB}.Release|Any CPU.Build.0 = Release|Any CPU
		{078D4976-1E5E-40B8-B1CB-52D91CCE7091}.Debug|Any CPU.ActiveCfg = Debug|Any CPU
		{078D4976-1E5E-40B8-B1CB-52D91CCE7091}.Debug|Any CPU.Build.0 = Debug|Any CPU
		{078D4976-1E5E-40B8-B1CB-52D91CCE7091}.Release|Any CPU.ActiveCfg = Release|Any CPU
		{078D4976-1E5E-40B8-B1CB-52D91CCE7091}.Release|Any CPU.Build.0 = Release|Any CPU
		{D6F366BE-87F7-4A20-930B-8BCBCFF4FC90}.Debug|Any CPU.ActiveCfg = Debug|Any CPU
		{D6F366BE-87F7-4A20-930B-8BCBCFF4FC90}.Debug|Any CPU.Build.0 = Debug|Any CPU
		{D6F366BE-87F7-4A20-930B-8BCBCFF4FC90}.Release|Any CPU.ActiveCfg = Release|Any CPU
		{D6F366BE-87F7-4A20-930B-8BCBCFF4FC90}.Release|Any CPU.Build.0 = Release|Any CPU
		{0A8C96F6-78FF-4DA0-9D82-5A23C6F6F687}.Debug|Any CPU.ActiveCfg = Debug|Any CPU
		{0A8C96F6-78FF-4DA0-9D82-5A23C6F6F687}.Debug|Any CPU.Build.0 = Debug|Any CPU
		{0A8C96F6-78FF-4DA0-9D82-5A23C6F6F687}.Release|Any CPU.ActiveCfg = Release|Any CPU
		{0A8C96F6-78FF-4DA0-9D82-5A23C6F6F687}.Release|Any CPU.Build.0 = Release|Any CPU
		{847A36E6-A9A1-42C1-9460-1F76AA6717D3}.Debug|Any CPU.ActiveCfg = Debug|Any CPU
		{847A36E6-A9A1-42C1-9460-1F76AA6717D3}.Debug|Any CPU.Build.0 = Debug|Any CPU
		{847A36E6-A9A1-42C1-9460-1F76AA6717D3}.Release|Any CPU.ActiveCfg = Release|Any CPU
		{847A36E6-A9A1-42C1-9460-1F76AA6717D3}.Release|Any CPU.Build.0 = Release|Any CPU
		{E7150D65-FEA3-4340-9D47-8ECE578C824F}.Debug|Any CPU.ActiveCfg = Debug|Any CPU
		{E7150D65-FEA3-4340-9D47-8ECE578C824F}.Debug|Any CPU.Build.0 = Debug|Any CPU
		{E7150D65-FEA3-4340-9D47-8ECE578C824F}.Release|Any CPU.ActiveCfg = Release|Any CPU
		{E7150D65-FEA3-4340-9D47-8ECE578C824F}.Release|Any CPU.Build.0 = Release|Any CPU
		{6E3AA548-ADE8-45AE-805B-EB54317E2CD8}.Debug|Any CPU.ActiveCfg = Debug|Any CPU
		{6E3AA548-ADE8-45AE-805B-EB54317E2CD8}.Debug|Any CPU.Build.0 = Debug|Any CPU
		{6E3AA548-ADE8-45AE-805B-EB54317E2CD8}.Release|Any CPU.ActiveCfg = Release|Any CPU
		{6E3AA548-ADE8-45AE-805B-EB54317E2CD8}.Release|Any CPU.Build.0 = Release|Any CPU
		{2901931D-A725-4CD7-99EC-F4E92777987F}.Debug|Any CPU.ActiveCfg = Debug|Any CPU
		{2901931D-A725-4CD7-99EC-F4E92777987F}.Debug|Any CPU.Build.0 = Debug|Any CPU
		{2901931D-A725-4CD7-99EC-F4E92777987F}.Release|Any CPU.ActiveCfg = Release|Any CPU
		{2901931D-A725-4CD7-99EC-F4E92777987F}.Release|Any CPU.Build.0 = Release|Any CPU
		{A960B9C8-F57C-4693-BF3D-D7919148BF8C}.Debug|Any CPU.ActiveCfg = Debug|Any CPU
		{A960B9C8-F57C-4693-BF3D-D7919148BF8C}.Debug|Any CPU.Build.0 = Debug|Any CPU
		{A960B9C8-F57C-4693-BF3D-D7919148BF8C}.Release|Any CPU.ActiveCfg = Release|Any CPU
		{A960B9C8-F57C-4693-BF3D-D7919148BF8C}.Release|Any CPU.Build.0 = Release|Any CPU
		{30D871ED-4840-4EC1-B2D7-9D3C61B3F067}.Debug|Any CPU.ActiveCfg = Debug|Any CPU
		{30D871ED-4840-4EC1-B2D7-9D3C61B3F067}.Debug|Any CPU.Build.0 = Debug|Any CPU
		{30D871ED-4840-4EC1-B2D7-9D3C61B3F067}.Release|Any CPU.ActiveCfg = Release|Any CPU
		{30D871ED-4840-4EC1-B2D7-9D3C61B3F067}.Release|Any CPU.Build.0 = Release|Any CPU
	EndGlobalSection
	GlobalSection(SolutionProperties) = preSolution
		HideSolutionNode = FALSE
	EndGlobalSection
EndGlobal
